
Microsoft Visual Studio Solution File, Format Version 12.00
# Visual Studio Version 16
VisualStudioVersion = 16.0.31515.178
MinimumVisualStudioVersion = 10.0.40219.1
Project("{FAE04EC0-301F-11D3-BF4B-00C04F79EFBC}") = "CiberNiteco", "CiberNiteco\CiberNiteco.csproj", "{BB46E4C5-3ECF-4E48-B3A2-A63C3048D5FB}"
EndProject
Project("{2150E333-8FDC-42A3-9474-1A3956D46DE8}") = "Solution Items", "Solution Items", "{66A074F5-FB60-4DC5-8D0A-3B7B9F4BEFD0}"
	ProjectSection(SolutionItems) = preProject
		README.md = README.md
	EndProjectSection
EndProject
Project("{FAE04EC0-301F-11D3-BF4B-00C04F79EFBC}") = "CiberNiteco.Core", "CiberNiteco.Core\CiberNiteco.Core.csproj", "{D0488B30-6D0A-4677-854B-92B675509592}"
EndProject
Project("{FAE04EC0-301F-11D3-BF4B-00C04F79EFBC}") = "CiberNiteco.Entities", "CiberNiteco.Entities\CiberNiteco.Entities.csproj", "{1F61E215-92ED-43FA-8483-5F4084931C55}"
EndProject
Project("{FAE04EC0-301F-11D3-BF4B-00C04F79EFBC}") = "CiberNiteco.Api", "CiberNiteco.Api\CiberNiteco.Api.csproj", "{E860AEF4-B767-439E-966B-EAC718B37546}"
EndProject
Project("{FAE04EC0-301F-11D3-BF4B-00C04F79EFBC}") = "CiberNiteco.AdminWeb", "CiberNiteco.AdminWeb\CiberNiteco.AdminWeb.csproj", "{7AB05AE2-C0EE-4336-8FB2-CDF88A9466D0}"
EndProject
Project("{FAE04EC0-301F-11D3-BF4B-00C04F79EFBC}") = "CiberNiteco.UnitTest", "CiberNiteco.UnitTest\CiberNiteco.UnitTest.csproj", "{B31FA733-7D93-46B7-8617-436AE88E5A87}"
EndProject
Global
	GlobalSection(SolutionConfigurationPlatforms) = preSolution
		Debug|Any CPU = Debug|Any CPU
		Release|Any CPU = Release|Any CPU
	EndGlobalSection
	GlobalSection(ProjectConfigurationPlatforms) = postSolution
		{BB46E4C5-3ECF-4E48-B3A2-A63C3048D5FB}.Debug|Any CPU.ActiveCfg = Debug|Any CPU
		{BB46E4C5-3ECF-4E48-B3A2-A63C3048D5FB}.Debug|Any CPU.Build.0 = Debug|Any CPU
		{BB46E4C5-3ECF-4E48-B3A2-A63C3048D5FB}.Release|Any CPU.ActiveCfg = Release|Any CPU
		{BB46E4C5-3ECF-4E48-B3A2-A63C3048D5FB}.Release|Any CPU.Build.0 = Release|Any CPU
		{D0488B30-6D0A-4677-854B-92B675509592}.Debug|Any CPU.ActiveCfg = Debug|Any CPU
		{D0488B30-6D0A-4677-854B-92B675509592}.Debug|Any CPU.Build.0 = Debug|Any CPU
		{D0488B30-6D0A-4677-854B-92B675509592}.Release|Any CPU.ActiveCfg = Release|Any CPU
		{D0488B30-6D0A-4677-854B-92B675509592}.Release|Any CPU.Build.0 = Release|Any CPU
		{1F61E215-92ED-43FA-8483-5F4084931C55}.Debug|Any CPU.ActiveCfg = Debug|Any CPU
		{1F61E215-92ED-43FA-8483-5F4084931C55}.Debug|Any CPU.Build.0 = Debug|Any CPU
		{1F61E215-92ED-43FA-8483-5F4084931C55}.Release|Any CPU.ActiveCfg = Release|Any CPU
		{1F61E215-92ED-43FA-8483-5F4084931C55}.Release|Any CPU.Build.0 = Release|Any CPU
		{E860AEF4-B767-439E-966B-EAC718B37546}.Debug|Any CPU.ActiveCfg = Debug|Any CPU
		{E860AEF4-B767-439E-966B-EAC718B37546}.Debug|Any CPU.Build.0 = Debug|Any CPU
		{E860AEF4-B767-439E-966B-EAC718B37546}.Release|Any CPU.ActiveCfg = Release|Any CPU
		{E860AEF4-B767-439E-966B-EAC718B37546}.Release|Any CPU.Build.0 = Release|Any CPU
		{7AB05AE2-C0EE-4336-8FB2-CDF88A9466D0}.Debug|Any CPU.ActiveCfg = Debug|Any CPU
		{7AB05AE2-C0EE-4336-8FB2-CDF88A9466D0}.Debug|Any CPU.Build.0 = Debug|Any CPU
		{7AB05AE2-C0EE-4336-8FB2-CDF88A9466D0}.Release|Any CPU.ActiveCfg = Release|Any CPU
		{7AB05AE2-C0EE-4336-8FB2-CDF88A9466D0}.Release|Any CPU.Build.0 = Release|Any CPU
		{B31FA733-7D93-46B7-8617-436AE88E5A87}.Debug|Any CPU.ActiveCfg = Debug|Any CPU
		{B31FA733-7D93-46B7-8617-436AE88E5A87}.Debug|Any CPU.Build.0 = Debug|Any CPU
		{B31FA733-7D93-46B7-8617-436AE88E5A87}.Release|Any CPU.ActiveCfg = Release|Any CPU
		{B31FA733-7D93-46B7-8617-436AE88E5A87}.Release|Any CPU.Build.0 = Release|Any CPU
	EndGlobalSection
	GlobalSection(SolutionProperties) = preSolution
		HideSolutionNode = FALSE
	EndGlobalSection
	GlobalSection(ExtensibilityGlobals) = postSolution
		SolutionGuid = {6B218906-AE1B-4C99-BFC8-B403374745F3}
	EndGlobalSection
EndGlobal
